// !$*UTF8*$!
{
	archiveVersion = 1;
	classes = {
	};
	objectVersion = 56;
	objects = {

/* Begin PBXBuildFile section */
		21185D792A77A7E8005840DA /* AppDelegate.swift in Sources */ = {isa = PBXBuildFile; fileRef = 21185D782A77A7E8005840DA /* AppDelegate.swift */; };
		21185D822A77A7E9005840DA /* Preview Assets.xcassets in Resources */ = {isa = PBXBuildFile; fileRef = 21185D812A77A7E9005840DA /* Preview Assets.xcassets */; };
		21185D8F2A7CDD9C005840DA /* MultipeerSession in Frameworks */ = {isa = PBXBuildFile; productRef = 21185D8E2A7CDD9C005840DA /* MultipeerSession */; };
		21185D952A7CE994005840DA /* ConnectFourViewModel.swift in Sources */ = {isa = PBXBuildFile; fileRef = 21185D942A7CE994005840DA /* ConnectFourViewModel.swift */; };
		21185D972A7CEFAD005840DA /* Home.swift in Sources */ = {isa = PBXBuildFile; fileRef = 21185D962A7CEFAD005840DA /* Home.swift */; };
		2125E6382A83A9ED000040A5 /* Experience.rcproject in Sources */ = {isa = PBXBuildFile; fileRef = 2125E6372A83A9ED000040A5 /* Experience.rcproject */; };
		2125E6392A83AA2F000040A5 /* ContentView.swift in Sources */ = {isa = PBXBuildFile; fileRef = 21185D7A2A77A7E8005840DA /* ContentView.swift */; };
		2125E63B2A83AA6A000040A5 /* Assets.xcassets in Resources */ = {isa = PBXBuildFile; fileRef = 2125E63A2A83AA6A000040A5 /* Assets.xcassets */; };
		2125E63D2A84C96B000040A5 /* Ball.reality in Resources */ = {isa = PBXBuildFile; fileRef = 2125E63C2A84C96B000040A5 /* Ball.reality */; };
		2125E6402A84CEAE000040A5 /* FocusEntity in Frameworks */ = {isa = PBXBuildFile; productRef = 2125E63F2A84CEAE000040A5 /* FocusEntity */; };
		2125E6422A84D7F4000040A5 /* MultipeerHandler.swift in Sources */ = {isa = PBXBuildFile; fileRef = 2125E6412A84D7F4000040A5 /* MultipeerHandler.swift */; };
		2125E6442A84DBD6000040A5 /* MultipeerHandler+MCSessionDelegate.swift in Sources */ = {isa = PBXBuildFile; fileRef = 2125E6432A84DBD6000040A5 /* MultipeerHandler+MCSessionDelegate.swift */; };
		2125E6462A84DC73000040A5 /* MultipeerHandlerMcNearbyServiceAdvertiserDelegate.swift in Sources */ = {isa = PBXBuildFile; fileRef = 2125E6452A84DC73000040A5 /* MultipeerHandlerMcNearbyServiceAdvertiserDelegate.swift */; };
		2125E6482A84DCC2000040A5 /* MultipeerHandlerMCNearbyServiceHandlerDelegate.swift in Sources */ = {isa = PBXBuildFile; fileRef = 2125E6472A84DCC2000040A5 /* MultipeerHandlerMCNearbyServiceHandlerDelegate.swift */; };
		2125E64F2A84F056000040A5 /* PeerRoom.swift in Sources */ = {isa = PBXBuildFile; fileRef = 2125E64E2A84F056000040A5 /* PeerRoom.swift */; };
		2125E6532A8A1D16000040A5 /* ContentStoryBoard.swift in Sources */ = {isa = PBXBuildFile; fileRef = 2125E6522A8A1D16000040A5 /* ContentStoryBoard.swift */; };
		2125E6552A8B6953000040A5 /* ARTablePass.swift in Sources */ = {isa = PBXBuildFile; fileRef = 2125E6542A8B6953000040A5 /* ARTablePass.swift */; };
		2125E6572A8B6A1A000040A5 /* ARTablePassController.swift in Sources */ = {isa = PBXBuildFile; fileRef = 2125E6562A8B6A1A000040A5 /* ARTablePassController.swift */; };
		2125E6592A8B6A32000040A5 /* ARTablePassModel.swift in Sources */ = {isa = PBXBuildFile; fileRef = 2125E6582A8B6A32000040A5 /* ARTablePassModel.swift */; };
		2125E65B2A8B6AF8000040A5 /* HapticsManager.swift in Sources */ = {isa = PBXBuildFile; fileRef = 2125E65A2A8B6AF8000040A5 /* HapticsManager.swift */; };
		218FEB612A80D2A600D078FA /* HostRoom.swift in Sources */ = {isa = PBXBuildFile; fileRef = 218FEB602A80D2A600D078FA /* HostRoom.swift */; };
/* End PBXBuildFile section */

/* Begin PBXFileReference section */
		21185D752A77A7E8005840DA /* roll-a-ball.app */ = {isa = PBXFileReference; explicitFileType = wrapper.application; includeInIndex = 0; path = "roll-a-ball.app"; sourceTree = BUILT_PRODUCTS_DIR; };
		21185D782A77A7E8005840DA /* AppDelegate.swift */ = {isa = PBXFileReference; lastKnownFileType = sourcecode.swift; path = AppDelegate.swift; sourceTree = "<group>"; };
		21185D7A2A77A7E8005840DA /* ContentView.swift */ = {isa = PBXFileReference; lastKnownFileType = sourcecode.swift; path = ContentView.swift; sourceTree = "<group>"; };
		21185D812A77A7E9005840DA /* Preview Assets.xcassets */ = {isa = PBXFileReference; lastKnownFileType = folder.assetcatalog; path = "Preview Assets.xcassets"; sourceTree = "<group>"; };
		21185D942A7CE994005840DA /* ConnectFourViewModel.swift */ = {isa = PBXFileReference; lastKnownFileType = sourcecode.swift; path = ConnectFourViewModel.swift; sourceTree = "<group>"; };
		21185D962A7CEFAD005840DA /* Home.swift */ = {isa = PBXFileReference; lastKnownFileType = sourcecode.swift; path = Home.swift; sourceTree = "<group>"; };
		2125E6372A83A9ED000040A5 /* Experience.rcproject */ = {isa = PBXFileReference; lastKnownFileType = file.rcproject; path = Experience.rcproject; sourceTree = "<group>"; };
		2125E63A2A83AA6A000040A5 /* Assets.xcassets */ = {isa = PBXFileReference; lastKnownFileType = folder.assetcatalog; path = Assets.xcassets; sourceTree = "<group>"; };
		2125E63C2A84C96B000040A5 /* Ball.reality */ = {isa = PBXFileReference; lastKnownFileType = file; path = Ball.reality; sourceTree = "<group>"; };
		2125E6412A84D7F4000040A5 /* MultipeerHandler.swift */ = {isa = PBXFileReference; lastKnownFileType = sourcecode.swift; path = MultipeerHandler.swift; sourceTree = "<group>"; };
		2125E6432A84DBD6000040A5 /* MultipeerHandler+MCSessionDelegate.swift */ = {isa = PBXFileReference; lastKnownFileType = sourcecode.swift; path = "MultipeerHandler+MCSessionDelegate.swift"; sourceTree = "<group>"; };
		2125E6452A84DC73000040A5 /* MultipeerHandlerMcNearbyServiceAdvertiserDelegate.swift */ = {isa = PBXFileReference; lastKnownFileType = sourcecode.swift; path = MultipeerHandlerMcNearbyServiceAdvertiserDelegate.swift; sourceTree = "<group>"; };
		2125E6472A84DCC2000040A5 /* MultipeerHandlerMCNearbyServiceHandlerDelegate.swift */ = {isa = PBXFileReference; lastKnownFileType = sourcecode.swift; path = MultipeerHandlerMCNearbyServiceHandlerDelegate.swift; sourceTree = "<group>"; };
		2125E64E2A84F056000040A5 /* PeerRoom.swift */ = {isa = PBXFileReference; lastKnownFileType = sourcecode.swift; path = PeerRoom.swift; sourceTree = "<group>"; };
		2125E6522A8A1D16000040A5 /* ContentStoryBoard.swift */ = {isa = PBXFileReference; lastKnownFileType = sourcecode.swift; path = ContentStoryBoard.swift; sourceTree = "<group>"; };
		2125E6542A8B6953000040A5 /* ARTablePass.swift */ = {isa = PBXFileReference; lastKnownFileType = sourcecode.swift; path = ARTablePass.swift; sourceTree = "<group>"; };
		2125E6562A8B6A1A000040A5 /* ARTablePassController.swift */ = {isa = PBXFileReference; lastKnownFileType = sourcecode.swift; path = ARTablePassController.swift; sourceTree = "<group>"; };
		2125E6582A8B6A32000040A5 /* ARTablePassModel.swift */ = {isa = PBXFileReference; lastKnownFileType = sourcecode.swift; path = ARTablePassModel.swift; sourceTree = "<group>"; };
		2125E65A2A8B6AF8000040A5 /* HapticsManager.swift */ = {isa = PBXFileReference; lastKnownFileType = sourcecode.swift; path = HapticsManager.swift; sourceTree = "<group>"; };
		218FEB602A80D2A600D078FA /* HostRoom.swift */ = {isa = PBXFileReference; lastKnownFileType = sourcecode.swift; path = HostRoom.swift; sourceTree = "<group>"; };
		218FEB622A80F2B400D078FA /* Info.plist */ = {isa = PBXFileReference; lastKnownFileType = text.plist; path = Info.plist; sourceTree = "<group>"; };
/* End PBXFileReference section */

/* Begin PBXFrameworksBuildPhase section */
		21185D722A77A7E8005840DA /* Frameworks */ = {
			isa = PBXFrameworksBuildPhase;
			buildActionMask = 2147483647;
			files = (
				2125E6402A84CEAE000040A5 /* FocusEntity in Frameworks */,
				21185D8F2A7CDD9C005840DA /* MultipeerSession in Frameworks */,
			);
			runOnlyForDeploymentPostprocessing = 0;
		};
/* End PBXFrameworksBuildPhase section */

/* Begin PBXGroup section */
		21185D6C2A77A7E8005840DA = {
			isa = PBXGroup;
			children = (
				21185D772A77A7E8005840DA /* roll-a-ball */,
				21185D762A77A7E8005840DA /* Products */,
			);
			sourceTree = "<group>";
		};
		21185D762A77A7E8005840DA /* Products */ = {
			isa = PBXGroup;
			children = (
				21185D752A77A7E8005840DA /* roll-a-ball.app */,
			);
			name = Products;
			sourceTree = "<group>";
		};
		21185D772A77A7E8005840DA /* roll-a-ball */ = {
			isa = PBXGroup;
			children = (
				218FEB622A80F2B400D078FA /* Info.plist */,
				21185D782A77A7E8005840DA /* AppDelegate.swift */,
				2125E6412A84D7F4000040A5 /* MultipeerHandler.swift */,
				2125E6432A84DBD6000040A5 /* MultipeerHandler+MCSessionDelegate.swift */,
				2125E6452A84DC73000040A5 /* MultipeerHandlerMcNearbyServiceAdvertiserDelegate.swift */,
				2125E6472A84DCC2000040A5 /* MultipeerHandlerMCNearbyServiceHandlerDelegate.swift */,
				21185D962A7CEFAD005840DA /* Home.swift */,
				2125E64E2A84F056000040A5 /* PeerRoom.swift */,
				2125E6522A8A1D16000040A5 /* ContentStoryBoard.swift */,
				21185D7A2A77A7E8005840DA /* ContentView.swift */,
				2125E6542A8B6953000040A5 /* ARTablePass.swift */,
				2125E6562A8B6A1A000040A5 /* ARTablePassController.swift */,
				2125E6582A8B6A32000040A5 /* ARTablePassModel.swift */,
				2125E65A2A8B6AF8000040A5 /* HapticsManager.swift */,
				2125E64D2A84E4D0000040A5 /* NoUsed */,
				2125E63C2A84C96B000040A5 /* Ball.reality */,
				2125E6372A83A9ED000040A5 /* Experience.rcproject */,
				21185D802A77A7E9005840DA /* Preview Content */,
				2125E63A2A83AA6A000040A5 /* Assets.xcassets */,
			);
			path = "roll-a-ball";
			sourceTree = "<group>";
		};
		21185D802A77A7E9005840DA /* Preview Content */ = {
			isa = PBXGroup;
			children = (
				21185D812A77A7E9005840DA /* Preview Assets.xcassets */,
			);
			path = "Preview Content";
			sourceTree = "<group>";
		};
		2125E64D2A84E4D0000040A5 /* NoUsed */ = {
			isa = PBXGroup;
			children = (
				218FEB602A80D2A600D078FA /* HostRoom.swift */,
				21185D942A7CE994005840DA /* ConnectFourViewModel.swift */,
			);
			path = NoUsed;
			sourceTree = "<group>";
		};
/* End PBXGroup section */

/* Begin PBXNativeTarget section */
		21185D742A77A7E8005840DA /* roll-a-ball */ = {
			isa = PBXNativeTarget;
			buildConfigurationList = 21185D852A77A7E9005840DA /* Build configuration list for PBXNativeTarget "roll-a-ball" */;
			buildPhases = (
				21185D712A77A7E8005840DA /* Sources */,
				21185D722A77A7E8005840DA /* Frameworks */,
				21185D732A77A7E8005840DA /* Resources */,
			);
			buildRules = (
			);
			dependencies = (
			);
			name = "roll-a-ball";
			packageProductDependencies = (
				21185D8E2A7CDD9C005840DA /* MultipeerSession */,
				2125E63F2A84CEAE000040A5 /* FocusEntity */,
			);
			productName = "roll-a-ball";
			productReference = 21185D752A77A7E8005840DA /* roll-a-ball.app */;
			productType = "com.apple.product-type.application";
		};
/* End PBXNativeTarget section */

/* Begin PBXProject section */
		21185D6D2A77A7E8005840DA /* Project object */ = {
			isa = PBXProject;
			attributes = {
				BuildIndependentTargetsInParallel = 1;
				LastSwiftUpdateCheck = 1430;
				LastUpgradeCheck = 1430;
				TargetAttributes = {
					21185D742A77A7E8005840DA = {
						CreatedOnToolsVersion = 14.3.1;
					};
				};
			};
			buildConfigurationList = 21185D702A77A7E8005840DA /* Build configuration list for PBXProject "roll-a-ball" */;
			compatibilityVersion = "Xcode 14.0";
			developmentRegion = en;
			hasScannedForEncodings = 0;
			knownRegions = (
				en,
				Base,
			);
			mainGroup = 21185D6C2A77A7E8005840DA;
			packageReferences = (
				21185D8D2A7CDD9C005840DA /* XCRemoteSwiftPackageReference "multipeer-session" */,
				2125E63E2A84CEAE000040A5 /* XCRemoteSwiftPackageReference "FocusEntity" */,
			);
			productRefGroup = 21185D762A77A7E8005840DA /* Products */;
			projectDirPath = "";
			projectRoot = "";
			targets = (
				21185D742A77A7E8005840DA /* roll-a-ball */,
			);
		};
/* End PBXProject section */

/* Begin PBXResourcesBuildPhase section */
		21185D732A77A7E8005840DA /* Resources */ = {
			isa = PBXResourcesBuildPhase;
			buildActionMask = 2147483647;
			files = (
				2125E63B2A83AA6A000040A5 /* Assets.xcassets in Resources */,
				21185D822A77A7E9005840DA /* Preview Assets.xcassets in Resources */,
				2125E63D2A84C96B000040A5 /* Ball.reality in Resources */,
			);
			runOnlyForDeploymentPostprocessing = 0;
		};
/* End PBXResourcesBuildPhase section */

/* Begin PBXSourcesBuildPhase section */
		21185D712A77A7E8005840DA /* Sources */ = {
			isa = PBXSourcesBuildPhase;
			buildActionMask = 2147483647;
			files = (
				2125E6392A83AA2F000040A5 /* ContentView.swift in Sources */,
				218FEB612A80D2A600D078FA /* HostRoom.swift in Sources */,
				2125E6442A84DBD6000040A5 /* MultipeerHandler+MCSessionDelegate.swift in Sources */,
				2125E6382A83A9ED000040A5 /* Experience.rcproject in Sources */,
				2125E64F2A84F056000040A5 /* PeerRoom.swift in Sources */,
				21185D792A77A7E8005840DA /* AppDelegate.swift in Sources */,
				2125E65B2A8B6AF8000040A5 /* HapticsManager.swift in Sources */,
				2125E6532A8A1D16000040A5 /* ContentStoryBoard.swift in Sources */,
				2125E6462A84DC73000040A5 /* MultipeerHandlerMcNearbyServiceAdvertiserDelegate.swift in Sources */,
				21185D952A7CE994005840DA /* ConnectFourViewModel.swift in Sources */,
				2125E6482A84DCC2000040A5 /* MultipeerHandlerMCNearbyServiceHandlerDelegate.swift in Sources */,
				2125E6572A8B6A1A000040A5 /* ARTablePassController.swift in Sources */,
				2125E6592A8B6A32000040A5 /* ARTablePassModel.swift in Sources */,
				2125E6422A84D7F4000040A5 /* MultipeerHandler.swift in Sources */,
				21185D972A7CEFAD005840DA /* Home.swift in Sources */,
				2125E6552A8B6953000040A5 /* ARTablePass.swift in Sources */,
			);
			runOnlyForDeploymentPostprocessing = 0;
		};
/* End PBXSourcesBuildPhase section */

/* Begin XCBuildConfiguration section */
		21185D832A77A7E9005840DA /* Debug */ = {
			isa = XCBuildConfiguration;
			buildSettings = {
				ALWAYS_SEARCH_USER_PATHS = NO;
				CLANG_ANALYZER_NONNULL = YES;
				CLANG_ANALYZER_NUMBER_OBJECT_CONVERSION = YES_AGGRESSIVE;
				CLANG_CXX_LANGUAGE_STANDARD = "gnu++20";
				CLANG_ENABLE_MODULES = YES;
				CLANG_ENABLE_OBJC_ARC = YES;
				CLANG_ENABLE_OBJC_WEAK = YES;
				CLANG_WARN_BLOCK_CAPTURE_AUTORELEASING = YES;
				CLANG_WARN_BOOL_CONVERSION = YES;
				CLANG_WARN_COMMA = YES;
				CLANG_WARN_CONSTANT_CONVERSION = YES;
				CLANG_WARN_DEPRECATED_OBJC_IMPLEMENTATIONS = YES;
				CLANG_WARN_DIRECT_OBJC_ISA_USAGE = YES_ERROR;
				CLANG_WARN_DOCUMENTATION_COMMENTS = YES;
				CLANG_WARN_EMPTY_BODY = YES;
				CLANG_WARN_ENUM_CONVERSION = YES;
				CLANG_WARN_INFINITE_RECURSION = YES;
				CLANG_WARN_INT_CONVERSION = YES;
				CLANG_WARN_NON_LITERAL_NULL_CONVERSION = YES;
				CLANG_WARN_OBJC_IMPLICIT_RETAIN_SELF = YES;
				CLANG_WARN_OBJC_LITERAL_CONVERSION = YES;
				CLANG_WARN_OBJC_ROOT_CLASS = YES_ERROR;
				CLANG_WARN_QUOTED_INCLUDE_IN_FRAMEWORK_HEADER = YES;
				CLANG_WARN_RANGE_LOOP_ANALYSIS = YES;
				CLANG_WARN_STRICT_PROTOTYPES = YES;
				CLANG_WARN_SUSPICIOUS_MOVE = YES;
				CLANG_WARN_UNGUARDED_AVAILABILITY = YES_AGGRESSIVE;
				CLANG_WARN_UNREACHABLE_CODE = YES;
				CLANG_WARN__DUPLICATE_METHOD_MATCH = YES;
				COPY_PHASE_STRIP = NO;
				DEBUG_INFORMATION_FORMAT = dwarf;
				ENABLE_STRICT_OBJC_MSGSEND = YES;
				ENABLE_TESTABILITY = YES;
				GCC_C_LANGUAGE_STANDARD = gnu11;
				GCC_DYNAMIC_NO_PIC = NO;
				GCC_NO_COMMON_BLOCKS = YES;
				GCC_OPTIMIZATION_LEVEL = 0;
				GCC_PREPROCESSOR_DEFINITIONS = (
					"DEBUG=1",
					"$(inherited)",
				);
				GCC_WARN_64_TO_32_BIT_CONVERSION = YES;
				GCC_WARN_ABOUT_RETURN_TYPE = YES_ERROR;
				GCC_WARN_UNDECLARED_SELECTOR = YES;
				GCC_WARN_UNINITIALIZED_AUTOS = YES_AGGRESSIVE;
				GCC_WARN_UNUSED_FUNCTION = YES;
				GCC_WARN_UNUSED_VARIABLE = YES;
				IPHONEOS_DEPLOYMENT_TARGET = 16.4;
				MTL_ENABLE_DEBUG_INFO = INCLUDE_SOURCE;
				MTL_FAST_MATH = YES;
				ONLY_ACTIVE_ARCH = YES;
				SDKROOT = iphoneos;
				SWIFT_ACTIVE_COMPILATION_CONDITIONS = DEBUG;
				SWIFT_OPTIMIZATION_LEVEL = "-Onone";
			};
			name = Debug;
		};
		21185D842A77A7E9005840DA /* Release */ = {
			isa = XCBuildConfiguration;
			buildSettings = {
				ALWAYS_SEARCH_USER_PATHS = NO;
				CLANG_ANALYZER_NONNULL = YES;
				CLANG_ANALYZER_NUMBER_OBJECT_CONVERSION = YES_AGGRESSIVE;
				CLANG_CXX_LANGUAGE_STANDARD = "gnu++20";
				CLANG_ENABLE_MODULES = YES;
				CLANG_ENABLE_OBJC_ARC = YES;
				CLANG_ENABLE_OBJC_WEAK = YES;
				CLANG_WARN_BLOCK_CAPTURE_AUTORELEASING = YES;
				CLANG_WARN_BOOL_CONVERSION = YES;
				CLANG_WARN_COMMA = YES;
				CLANG_WARN_CONSTANT_CONVERSION = YES;
				CLANG_WARN_DEPRECATED_OBJC_IMPLEMENTATIONS = YES;
				CLANG_WARN_DIRECT_OBJC_ISA_USAGE = YES_ERROR;
				CLANG_WARN_DOCUMENTATION_COMMENTS = YES;
				CLANG_WARN_EMPTY_BODY = YES;
				CLANG_WARN_ENUM_CONVERSION = YES;
				CLANG_WARN_INFINITE_RECURSION = YES;
				CLANG_WARN_INT_CONVERSION = YES;
				CLANG_WARN_NON_LITERAL_NULL_CONVERSION = YES;
				CLANG_WARN_OBJC_IMPLICIT_RETAIN_SELF = YES;
				CLANG_WARN_OBJC_LITERAL_CONVERSION = YES;
				CLANG_WARN_OBJC_ROOT_CLASS = YES_ERROR;
				CLANG_WARN_QUOTED_INCLUDE_IN_FRAMEWORK_HEADER = YES;
				CLANG_WARN_RANGE_LOOP_ANALYSIS = YES;
				CLANG_WARN_STRICT_PROTOTYPES = YES;
				CLANG_WARN_SUSPICIOUS_MOVE = YES;
				CLANG_WARN_UNGUARDED_AVAILABILITY = YES_AGGRESSIVE;
				CLANG_WARN_UNREACHABLE_CODE = YES;
				CLANG_WARN__DUPLICATE_METHOD_MATCH = YES;
				COPY_PHASE_STRIP = NO;
				DEBUG_INFORMATION_FORMAT = "dwarf-with-dsym";
				ENABLE_NS_ASSERTIONS = NO;
				ENABLE_STRICT_OBJC_MSGSEND = YES;
				GCC_C_LANGUAGE_STANDARD = gnu11;
				GCC_NO_COMMON_BLOCKS = YES;
				GCC_WARN_64_TO_32_BIT_CONVERSION = YES;
				GCC_WARN_ABOUT_RETURN_TYPE = YES_ERROR;
				GCC_WARN_UNDECLARED_SELECTOR = YES;
				GCC_WARN_UNINITIALIZED_AUTOS = YES_AGGRESSIVE;
				GCC_WARN_UNUSED_FUNCTION = YES;
				GCC_WARN_UNUSED_VARIABLE = YES;
				IPHONEOS_DEPLOYMENT_TARGET = 16.4;
				MTL_ENABLE_DEBUG_INFO = NO;
				MTL_FAST_MATH = YES;
				SDKROOT = iphoneos;
				SWIFT_COMPILATION_MODE = wholemodule;
				SWIFT_OPTIMIZATION_LEVEL = "-O";
				VALIDATE_PRODUCT = YES;
			};
			name = Release;
		};
		21185D862A77A7E9005840DA /* Debug */ = {
			isa = XCBuildConfiguration;
			buildSettings = {
				ASSETCATALOG_COMPILER_APPICON_NAME = AppIcon;
				ASSETCATALOG_COMPILER_GLOBAL_ACCENT_COLOR_NAME = AccentColor;
				CODE_SIGN_STYLE = Automatic;
				CURRENT_PROJECT_VERSION = 1;
				DEVELOPMENT_ASSET_PATHS = "\"roll-a-ball/Preview Content\"";
				DEVELOPMENT_TEAM = 28N6P267AM;
				ENABLE_PREVIEWS = YES;
				GENERATE_INFOPLIST_FILE = YES;
				INFOPLIST_FILE = "roll-a-ball/Info.plist";
				INFOPLIST_KEY_NSCameraUsageDescription = po;
				INFOPLIST_KEY_NSLocalNetworkUsageDescription = "roll-a-ball";
				INFOPLIST_KEY_UIApplicationSupportsIndirectInputEvents = YES;
				INFOPLIST_KEY_UILaunchScreen_Generation = YES;
				INFOPLIST_KEY_UIRequiredDeviceCapabilities = arkit;
				INFOPLIST_KEY_UIStatusBarHidden = YES;
				INFOPLIST_KEY_UISupportedInterfaceOrientations_iPad = "UIInterfaceOrientationPortrait UIInterfaceOrientationPortraitUpsideDown UIInterfaceOrientationLandscapeLeft UIInterfaceOrientationLandscapeRight";
				INFOPLIST_KEY_UISupportedInterfaceOrientations_iPhone = "UIInterfaceOrientationPortrait UIInterfaceOrientationLandscapeLeft UIInterfaceOrientationLandscapeRight";
				LD_RUNPATH_SEARCH_PATHS = (
					"$(inherited)",
					"@executable_path/Frameworks",
				);
				MARKETING_VERSION = 1.0;
				PRODUCT_BUNDLE_IDENTIFIER = "Titi.roll-a-ball";
				PRODUCT_NAME = "$(TARGET_NAME)";
				SWIFT_EMIT_LOC_STRINGS = YES;
				SWIFT_VERSION = 5.0;
				TARGETED_DEVICE_FAMILY = "1,2";
			};
			name = Debug;
		};
		21185D872A77A7E9005840DA /* Release */ = {
			isa = XCBuildConfiguration;
			buildSettings = {
				ASSETCATALOG_COMPILER_APPICON_NAME = AppIcon;
				ASSETCATALOG_COMPILER_GLOBAL_ACCENT_COLOR_NAME = AccentColor;
				CODE_SIGN_STYLE = Automatic;
				CURRENT_PROJECT_VERSION = 1;
				DEVELOPMENT_ASSET_PATHS = "\"roll-a-ball/Preview Content\"";
				DEVELOPMENT_TEAM = 28N6P267AM;
				ENABLE_PREVIEWS = YES;
				GENERATE_INFOPLIST_FILE = YES;
				INFOPLIST_FILE = "roll-a-ball/Info.plist";
				INFOPLIST_KEY_NSCameraUsageDescription = po;
				INFOPLIST_KEY_NSLocalNetworkUsageDescription = "roll-a-ball";
				INFOPLIST_KEY_UIApplicationSupportsIndirectInputEvents = YES;
				INFOPLIST_KEY_UILaunchScreen_Generation = YES;
				INFOPLIST_KEY_UIRequiredDeviceCapabilities = arkit;
				INFOPLIST_KEY_UIStatusBarHidden = YES;
				INFOPLIST_KEY_UISupportedInterfaceOrientations_iPad = "UIInterfaceOrientationPortrait UIInterfaceOrientationPortraitUpsideDown UIInterfaceOrientationLandscapeLeft UIInterfaceOrientationLandscapeRight";
				INFOPLIST_KEY_UISupportedInterfaceOrientations_iPhone = "UIInterfaceOrientationPortrait UIInterfaceOrientationLandscapeLeft UIInterfaceOrientationLandscapeRight";
				LD_RUNPATH_SEARCH_PATHS = (
					"$(inherited)",
					"@executable_path/Frameworks",
				);
				MARKETING_VERSION = 1.0;
				PRODUCT_BUNDLE_IDENTIFIER = "Titi.roll-a-ball";
				PRODUCT_NAME = "$(TARGET_NAME)";
				SWIFT_EMIT_LOC_STRINGS = YES;
				SWIFT_VERSION = 5.0;
				TARGETED_DEVICE_FAMILY = "1,2";
			};
			name = Release;
		};
/* End XCBuildConfiguration section */

/* Begin XCConfigurationList section */
		21185D702A77A7E8005840DA /* Build configuration list for PBXProject "roll-a-ball" */ = {
			isa = XCConfigurationList;
			buildConfigurations = (
				21185D832A77A7E9005840DA /* Debug */,
				21185D842A77A7E9005840DA /* Release */,
			);
			defaultConfigurationIsVisible = 0;
			defaultConfigurationName = Release;
		};
		21185D852A77A7E9005840DA /* Build configuration list for PBXNativeTarget "roll-a-ball" */ = {
			isa = XCConfigurationList;
			buildConfigurations = (
				21185D862A77A7E9005840DA /* Debug */,
				21185D872A77A7E9005840DA /* Release */,
			);
			defaultConfigurationIsVisible = 0;
			defaultConfigurationName = Release;
		};
/* End XCConfigurationList section */

/* Begin XCRemoteSwiftPackageReference section */
		21185D8D2A7CDD9C005840DA /* XCRemoteSwiftPackageReference "multipeer-session" */ = {
			isa = XCRemoteSwiftPackageReference;
			repositoryURL = "https://github.com/RyanKopinskyLLC/multipeer-session";
			requirement = {
				kind = upToNextMajorVersion;
				minimumVersion = 1.0.0;
			};
		};
		2125E63E2A84CEAE000040A5 /* XCRemoteSwiftPackageReference "FocusEntity" */ = {
			isa = XCRemoteSwiftPackageReference;
			repositoryURL = "https://github.com/maxxfrazer/FocusEntity.git";
			requirement = {
				kind = upToNextMajorVersion;
				minimumVersion = 2.0.0;
			};
		};
/* End XCRemoteSwiftPackageReference section */

/* Begin XCSwiftPackageProductDependency section */
		21185D8E2A7CDD9C005840DA /* MultipeerSession */ = {
			isa = XCSwiftPackageProductDependency;
			package = 21185D8D2A7CDD9C005840DA /* XCRemoteSwiftPackageReference "multipeer-session" */;
			productName = MultipeerSession;
		};
		2125E63F2A84CEAE000040A5 /* FocusEntity */ = {
			isa = XCSwiftPackageProductDependency;
			package = 2125E63E2A84CEAE000040A5 /* XCRemoteSwiftPackageReference "FocusEntity" */;
			productName = FocusEntity;
		};
/* End XCSwiftPackageProductDependency section */
	};
	rootObject = 21185D6D2A77A7E8005840DA /* Project object */;
}
